
Microsoft Visual Studio Solution File, Format Version 12.00
# Visual Studio 15
VisualStudioVersion = 15.0.28307.1022
MinimumVisualStudioVersion = 10.0.40219.1
Project("{8BC9CEB8-8B4A-11D0-8D11-00A0C91BC942}") = "article2.3_task3", "article2.3_task3\article2.3_task3.vcxproj", "{BD2682AB-95D2-4968-B27B-5632AB450177}"
EndProject
Global
	GlobalSection(SolutionConfigurationPlatforms) = preSolution
		Debug|x64 = Debug|x64
		Debug|x86 = Debug|x86
		Release|x64 = Release|x64
		Release|x86 = Release|x86
	EndGlobalSection
	GlobalSection(ProjectConfigurationPlatforms) = postSolution
		{BD2682AB-95D2-4968-B27B-5632AB450177}.Debug|x64.ActiveCfg = Debug|x64
		{BD2682AB-95D2-4968-B27B-5632AB450177}.Debug|x64.Build.0 = Debug|x64
		{BD2682AB-95D2-4968-B27B-5632AB450177}.Debug|x86.ActiveCfg = Debug|Win32
		{BD2682AB-95D2-4968-B27B-5632AB450177}.Debug|x86.Build.0 = Debug|Win32
		{BD2682AB-95D2-4968-B27B-5632AB450177}.Release|x64.ActiveCfg = Release|x64
		{BD2682AB-95D2-4968-B27B-5632AB450177}.Release|x64.Build.0 = Release|x64
		{BD2682AB-95D2-4968-B27B-5632AB450177}.Release|x86.ActiveCfg = Release|Win32
		{BD2682AB-95D2-4968-B27B-5632AB450177}.Release|x86.Build.0 = Release|Win32
	EndGlobalSection
	GlobalSection(SolutionProperties) = preSolution
		HideSolutionNode = FALSE
	EndGlobalSection
	GlobalSection(ExtensibilityGlobals) = postSolution
		SolutionGuid = {49923445-68B4-40B6-A6DF-D4937FD62EB1}
	EndGlobalSection
EndGlobal
