
Microsoft Visual Studio Solution File, Format Version 12.00
# Visual Studio Version 16
VisualStudioVersion = 16.0.29911.84
MinimumVisualStudioVersion = 10.0.40219.1
Project("{8BC9CEB8-8B4A-11D0-8D11-00A0C91BC942}") = "article4.1_task4", "article4.1_task4\article4.1_task4.vcxproj", "{3C2F777D-9E7A-413C-8B2A-CD1443F8405B}"
EndProject
Global
	GlobalSection(SolutionConfigurationPlatforms) = preSolution
		Debug|x64 = Debug|x64
		Debug|x86 = Debug|x86
		Release|x64 = Release|x64
		Release|x86 = Release|x86
	EndGlobalSection
	GlobalSection(ProjectConfigurationPlatforms) = postSolution
		{3C2F777D-9E7A-413C-8B2A-CD1443F8405B}.Debug|x64.ActiveCfg = Debug|x64
		{3C2F777D-9E7A-413C-8B2A-CD1443F8405B}.Debug|x64.Build.0 = Debug|x64
		{3C2F777D-9E7A-413C-8B2A-CD1443F8405B}.Debug|x86.ActiveCfg = Debug|Win32
		{3C2F777D-9E7A-413C-8B2A-CD1443F8405B}.Debug|x86.Build.0 = Debug|Win32
		{3C2F777D-9E7A-413C-8B2A-CD1443F8405B}.Release|x64.ActiveCfg = Release|x64
		{3C2F777D-9E7A-413C-8B2A-CD1443F8405B}.Release|x64.Build.0 = Release|x64
		{3C2F777D-9E7A-413C-8B2A-CD1443F8405B}.Release|x86.ActiveCfg = Release|Win32
		{3C2F777D-9E7A-413C-8B2A-CD1443F8405B}.Release|x86.Build.0 = Release|Win32
	EndGlobalSection
	GlobalSection(SolutionProperties) = preSolution
		HideSolutionNode = FALSE
	EndGlobalSection
	GlobalSection(ExtensibilityGlobals) = postSolution
		SolutionGuid = {C3EA34F8-0A8B-492E-A7A2-59DE333AAD8C}
	EndGlobalSection
EndGlobal
