
Microsoft Visual Studio Solution File, Format Version 12.00
# Visual Studio Version 16
VisualStudioVersion = 16.0.29911.84
MinimumVisualStudioVersion = 10.0.40219.1
Project("{8BC9CEB8-8B4A-11D0-8D11-00A0C91BC942}") = "article2.3_task9", "article2.3_task9\article2.3_task9.vcxproj", "{101EF3F1-B41D-4CFA-B118-CB506A094BED}"
EndProject
Global
	GlobalSection(SolutionConfigurationPlatforms) = preSolution
		Debug|x64 = Debug|x64
		Debug|x86 = Debug|x86
		Release|x64 = Release|x64
		Release|x86 = Release|x86
	EndGlobalSection
	GlobalSection(ProjectConfigurationPlatforms) = postSolution
		{101EF3F1-B41D-4CFA-B118-CB506A094BED}.Debug|x64.ActiveCfg = Debug|x64
		{101EF3F1-B41D-4CFA-B118-CB506A094BED}.Debug|x64.Build.0 = Debug|x64
		{101EF3F1-B41D-4CFA-B118-CB506A094BED}.Debug|x86.ActiveCfg = Debug|Win32
		{101EF3F1-B41D-4CFA-B118-CB506A094BED}.Debug|x86.Build.0 = Debug|Win32
		{101EF3F1-B41D-4CFA-B118-CB506A094BED}.Release|x64.ActiveCfg = Release|x64
		{101EF3F1-B41D-4CFA-B118-CB506A094BED}.Release|x64.Build.0 = Release|x64
		{101EF3F1-B41D-4CFA-B118-CB506A094BED}.Release|x86.ActiveCfg = Release|Win32
		{101EF3F1-B41D-4CFA-B118-CB506A094BED}.Release|x86.Build.0 = Release|Win32
	EndGlobalSection
	GlobalSection(SolutionProperties) = preSolution
		HideSolutionNode = FALSE
	EndGlobalSection
	GlobalSection(ExtensibilityGlobals) = postSolution
		SolutionGuid = {9C6DC051-B69E-44C1-BBBE-72D771FF1EA8}
	EndGlobalSection
EndGlobal
